
Microsoft Visual Studio Solution File, Format Version 12.00
# Visual Studio Version 17
VisualStudioVersion = 17.7.34024.191
MinimumVisualStudioVersion = 10.0.40219.1
Project("{FAE04EC0-301F-11D3-BF4B-00C04F79EFBC}") = "Entidades", "Entidades\Entidades.csproj", "{1B5DC71E-F1BB-4C2E-9310-16D5916B4788}"
EndProject
Project("{FAE04EC0-301F-11D3-BF4B-00C04F79EFBC}") = "Vista", "Vista\Vista.csproj", "{9E84A282-6499-4AC5-A0DB-8C6B007A20CF}"
EndProject
Global
	GlobalSection(SolutionConfigurationPlatforms) = preSolution
		Debug|Any CPU = Debug|Any CPU
		Release|Any CPU = Release|Any CPU
	EndGlobalSection
	GlobalSection(ProjectConfigurationPlatforms) = postSolution
		{1B5DC71E-F1BB-4C2E-9310-16D5916B4788}.Debug|Any CPU.ActiveCfg = Debug|Any CPU
		{1B5DC71E-F1BB-4C2E-9310-16D5916B4788}.Debug|Any CPU.Build.0 = Debug|Any CPU
		{1B5DC71E-F1BB-4C2E-9310-16D5916B4788}.Release|Any CPU.ActiveCfg = Release|Any CPU
		{1B5DC71E-F1BB-4C2E-9310-16D5916B4788}.Release|Any CPU.Build.0 = Release|Any CPU
		{9E84A282-6499-4AC5-A0DB-8C6B007A20CF}.Debug|Any CPU.ActiveCfg = Debug|Any CPU
		{9E84A282-6499-4AC5-A0DB-8C6B007A20CF}.Debug|Any CPU.Build.0 = Debug|Any CPU
		{9E84A282-6499-4AC5-A0DB-8C6B007A20CF}.Release|Any CPU.ActiveCfg = Release|Any CPU
		{9E84A282-6499-4AC5-A0DB-8C6B007A20CF}.Release|Any CPU.Build.0 = Release|Any CPU
	EndGlobalSection
	GlobalSection(SolutionProperties) = preSolution
		HideSolutionNode = FALSE
	EndGlobalSection
	GlobalSection(ExtensibilityGlobals) = postSolution
		SolutionGuid = {F96D831F-8F80-4D23-A151-507A01DF44C2}
	EndGlobalSection
EndGlobal
